
Microsoft Visual Studio Solution File, Format Version 12.00
# Visual Studio 15
VisualStudioVersion = 15.0.28307.421
MinimumVisualStudioVersion = 10.0.40219.1
Project("{9A19103F-16F7-4668-BE54-9A1E7A4F7556}") = "MindMiners.Infra", "MindMiners.Infra\MindMiners.Infra.csproj", "{7CE6254B-8554-4DAB-8C3C-E18985D1197C}"
EndProject
Project("{9A19103F-16F7-4668-BE54-9A1E7A4F7556}") = "MindMiners.Domain", "MindMiners.Domain\MindMiners.Domain.csproj", "{72C93A8B-F37A-4908-A1CD-C93CA346B147}"
EndProject
Project("{9A19103F-16F7-4668-BE54-9A1E7A4F7556}") = "MindMiners.Application", "MindMiners.Application\MindMiners.Application.csproj", "{53824A8F-29C8-48FB-A973-BC517477D941}"
EndProject
Project("{9A19103F-16F7-4668-BE54-9A1E7A4F7556}") = "MindMiners.Web", "MindMiners.Web\MindMiners.Web.csproj", "{76018F84-D7E5-4E58-9913-866A5DF6F781}"
EndProject
Project("{2150E333-8FDC-42A3-9474-1A3956D46DE8}") = "Solution Items", "Solution Items", "{D1C3A0EB-9821-4E16-A955-6FBB450D486B}"
	ProjectSection(SolutionItems) = preProject
		readme.md = readme.md
	EndProjectSection
EndProject
Global
	GlobalSection(SolutionConfigurationPlatforms) = preSolution
		Debug|Any CPU = Debug|Any CPU
		Release|Any CPU = Release|Any CPU
	EndGlobalSection
	GlobalSection(ProjectConfigurationPlatforms) = postSolution
		{7CE6254B-8554-4DAB-8C3C-E18985D1197C}.Debug|Any CPU.ActiveCfg = Debug|Any CPU
		{7CE6254B-8554-4DAB-8C3C-E18985D1197C}.Debug|Any CPU.Build.0 = Debug|Any CPU
		{7CE6254B-8554-4DAB-8C3C-E18985D1197C}.Release|Any CPU.ActiveCfg = Release|Any CPU
		{7CE6254B-8554-4DAB-8C3C-E18985D1197C}.Release|Any CPU.Build.0 = Release|Any CPU
		{72C93A8B-F37A-4908-A1CD-C93CA346B147}.Debug|Any CPU.ActiveCfg = Debug|Any CPU
		{72C93A8B-F37A-4908-A1CD-C93CA346B147}.Debug|Any CPU.Build.0 = Debug|Any CPU
		{72C93A8B-F37A-4908-A1CD-C93CA346B147}.Release|Any CPU.ActiveCfg = Release|Any CPU
		{72C93A8B-F37A-4908-A1CD-C93CA346B147}.Release|Any CPU.Build.0 = Release|Any CPU
		{53824A8F-29C8-48FB-A973-BC517477D941}.Debug|Any CPU.ActiveCfg = Debug|Any CPU
		{53824A8F-29C8-48FB-A973-BC517477D941}.Debug|Any CPU.Build.0 = Debug|Any CPU
		{53824A8F-29C8-48FB-A973-BC517477D941}.Release|Any CPU.ActiveCfg = Release|Any CPU
		{53824A8F-29C8-48FB-A973-BC517477D941}.Release|Any CPU.Build.0 = Release|Any CPU
		{76018F84-D7E5-4E58-9913-866A5DF6F781}.Debug|Any CPU.ActiveCfg = Debug|Any CPU
		{76018F84-D7E5-4E58-9913-866A5DF6F781}.Debug|Any CPU.Build.0 = Debug|Any CPU
		{76018F84-D7E5-4E58-9913-866A5DF6F781}.Release|Any CPU.ActiveCfg = Release|Any CPU
		{76018F84-D7E5-4E58-9913-866A5DF6F781}.Release|Any CPU.Build.0 = Release|Any CPU
	EndGlobalSection
	GlobalSection(SolutionProperties) = preSolution
		HideSolutionNode = FALSE
	EndGlobalSection
	GlobalSection(ExtensibilityGlobals) = postSolution
		SolutionGuid = {24704818-2868-4852-B057-DEFA0EED4EAB}
	EndGlobalSection
EndGlobal
